
Microsoft Visual Studio Solution File, Format Version 12.00
# Visual Studio Version 17
VisualStudioVersion = 17.3.32929.385
MinimumVisualStudioVersion = 10.0.40219.1
Project("{FAE04EC0-301F-11D3-BF4B-00C04F79EFBC}") = "OpenMathFlashCards.App.Android", "OpenMathFlashCards.App\OpenMathFlashCards.App.Android\OpenMathFlashCards.App.Android.csproj", "{BECA8841-2427-4F75-BBE0-95B0FFD43155}"
EndProject
Project("{FAE04EC0-301F-11D3-BF4B-00C04F79EFBC}") = "OpenMathFlashCards.App.iOS", "OpenMathFlashCards.App\OpenMathFlashCards.App.iOS\OpenMathFlashCards.App.iOS.csproj", "{C5810003-6071-418A-82F3-A075F7786A24}"
EndProject
Project("{FAE04EC0-301F-11D3-BF4B-00C04F79EFBC}") = "OpenMathFlashCards.App", "OpenMathFlashCards.App\OpenMathFlashCards.App\OpenMathFlashCards.App.csproj", "{6DAF3A80-816E-42AD-98BB-40776E83E169}"
EndProject
Global
	GlobalSection(SolutionConfigurationPlatforms) = preSolution
		Debug|Any CPU = Debug|Any CPU
		Debug|iPhone = Debug|iPhone
		Debug|iPhoneSimulator = Debug|iPhoneSimulator
		Release|Any CPU = Release|Any CPU
		Release|iPhone = Release|iPhone
		Release|iPhoneSimulator = Release|iPhoneSimulator
	EndGlobalSection
	GlobalSection(ProjectConfigurationPlatforms) = postSolution
		{BECA8841-2427-4F75-BBE0-95B0FFD43155}.Debug|Any CPU.ActiveCfg = Debug|Any CPU
		{BECA8841-2427-4F75-BBE0-95B0FFD43155}.Debug|Any CPU.Build.0 = Debug|Any CPU
		{BECA8841-2427-4F75-BBE0-95B0FFD43155}.Debug|Any CPU.Deploy.0 = Debug|Any CPU
		{BECA8841-2427-4F75-BBE0-95B0FFD43155}.Debug|iPhone.ActiveCfg = Debug|Any CPU
		{BECA8841-2427-4F75-BBE0-95B0FFD43155}.Debug|iPhone.Build.0 = Debug|Any CPU
		{BECA8841-2427-4F75-BBE0-95B0FFD43155}.Debug|iPhone.Deploy.0 = Debug|Any CPU
		{BECA8841-2427-4F75-BBE0-95B0FFD43155}.Debug|iPhoneSimulator.ActiveCfg = Debug|Any CPU
		{BECA8841-2427-4F75-BBE0-95B0FFD43155}.Debug|iPhoneSimulator.Build.0 = Debug|Any CPU
		{BECA8841-2427-4F75-BBE0-95B0FFD43155}.Debug|iPhoneSimulator.Deploy.0 = Debug|Any CPU
		{BECA8841-2427-4F75-BBE0-95B0FFD43155}.Release|Any CPU.ActiveCfg = Release|Any CPU
		{BECA8841-2427-4F75-BBE0-95B0FFD43155}.Release|Any CPU.Build.0 = Release|Any CPU
		{BECA8841-2427-4F75-BBE0-95B0FFD43155}.Release|Any CPU.Deploy.0 = Release|Any CPU
		{BECA8841-2427-4F75-BBE0-95B0FFD43155}.Release|iPhone.ActiveCfg = Release|Any CPU
		{BECA8841-2427-4F75-BBE0-95B0FFD43155}.Release|iPhone.Build.0 = Release|Any CPU
		{BECA8841-2427-4F75-BBE0-95B0FFD43155}.Release|iPhone.Deploy.0 = Release|Any CPU
		{BECA8841-2427-4F75-BBE0-95B0FFD43155}.Release|iPhoneSimulator.ActiveCfg = Release|Any CPU
		{BECA8841-2427-4F75-BBE0-95B0FFD43155}.Release|iPhoneSimulator.Build.0 = Release|Any CPU
		{BECA8841-2427-4F75-BBE0-95B0FFD43155}.Release|iPhoneSimulator.Deploy.0 = Release|Any CPU
		{C5810003-6071-418A-82F3-A075F7786A24}.Debug|Any CPU.ActiveCfg = Debug|iPhone
		{C5810003-6071-418A-82F3-A075F7786A24}.Debug|Any CPU.Build.0 = Debug|iPhone
		{C5810003-6071-418A-82F3-A075F7786A24}.Debug|Any CPU.Deploy.0 = Debug|iPhone
		{C5810003-6071-418A-82F3-A075F7786A24}.Debug|iPhone.ActiveCfg = Debug|iPhone
		{C5810003-6071-418A-82F3-A075F7786A24}.Debug|iPhone.Build.0 = Debug|iPhone
		{C5810003-6071-418A-82F3-A075F7786A24}.Debug|iPhone.Deploy.0 = Debug|iPhone
		{C5810003-6071-418A-82F3-A075F7786A24}.Debug|iPhoneSimulator.ActiveCfg = Debug|iPhoneSimulator
		{C5810003-6071-418A-82F3-A075F7786A24}.Debug|iPhoneSimulator.Build.0 = Debug|iPhoneSimulator
		{C5810003-6071-418A-82F3-A075F7786A24}.Debug|iPhoneSimulator.Deploy.0 = Debug|iPhoneSimulator
		{C5810003-6071-418A-82F3-A075F7786A24}.Release|Any CPU.ActiveCfg = Release|iPhoneSimulator
		{C5810003-6071-418A-82F3-A075F7786A24}.Release|Any CPU.Build.0 = Release|iPhoneSimulator
		{C5810003-6071-418A-82F3-A075F7786A24}.Release|Any CPU.Deploy.0 = Release|iPhoneSimulator
		{C5810003-6071-418A-82F3-A075F7786A24}.Release|iPhone.ActiveCfg = Release|iPhone
		{C5810003-6071-418A-82F3-A075F7786A24}.Release|iPhone.Build.0 = Release|iPhone
		{C5810003-6071-418A-82F3-A075F7786A24}.Release|iPhone.Deploy.0 = Release|iPhone
		{C5810003-6071-418A-82F3-A075F7786A24}.Release|iPhoneSimulator.ActiveCfg = Release|iPhoneSimulator
		{C5810003-6071-418A-82F3-A075F7786A24}.Release|iPhoneSimulator.Build.0 = Release|iPhoneSimulator
		{C5810003-6071-418A-82F3-A075F7786A24}.Release|iPhoneSimulator.Deploy.0 = Release|iPhoneSimulator
		{6DAF3A80-816E-42AD-98BB-40776E83E169}.Debug|Any CPU.ActiveCfg = Debug|Any CPU
		{6DAF3A80-816E-42AD-98BB-40776E83E169}.Debug|Any CPU.Build.0 = Debug|Any CPU
		{6DAF3A80-816E-42AD-98BB-40776E83E169}.Debug|Any CPU.Deploy.0 = Debug|Any CPU
		{6DAF3A80-816E-42AD-98BB-40776E83E169}.Debug|iPhone.ActiveCfg = Debug|Any CPU
		{6DAF3A80-816E-42AD-98BB-40776E83E169}.Debug|iPhone.Build.0 = Debug|Any CPU
		{6DAF3A80-816E-42AD-98BB-40776E83E169}.Debug|iPhone.Deploy.0 = Debug|Any CPU
		{6DAF3A80-816E-42AD-98BB-40776E83E169}.Debug|iPhoneSimulator.ActiveCfg = Debug|Any CPU
		{6DAF3A80-816E-42AD-98BB-40776E83E169}.Debug|iPhoneSimulator.Build.0 = Debug|Any CPU
		{6DAF3A80-816E-42AD-98BB-40776E83E169}.Debug|iPhoneSimulator.Deploy.0 = Debug|Any CPU
		{6DAF3A80-816E-42AD-98BB-40776E83E169}.Release|Any CPU.ActiveCfg = Release|Any CPU
		{6DAF3A80-816E-42AD-98BB-40776E83E169}.Release|Any CPU.Build.0 = Release|Any CPU
		{6DAF3A80-816E-42AD-98BB-40776E83E169}.Release|Any CPU.Deploy.0 = Release|Any CPU
		{6DAF3A80-816E-42AD-98BB-40776E83E169}.Release|iPhone.ActiveCfg = Release|Any CPU
		{6DAF3A80-816E-42AD-98BB-40776E83E169}.Release|iPhone.Build.0 = Release|Any CPU
		{6DAF3A80-816E-42AD-98BB-40776E83E169}.Release|iPhone.Deploy.0 = Release|Any CPU
		{6DAF3A80-816E-42AD-98BB-40776E83E169}.Release|iPhoneSimulator.ActiveCfg = Release|Any CPU
		{6DAF3A80-816E-42AD-98BB-40776E83E169}.Release|iPhoneSimulator.Build.0 = Release|Any CPU
		{6DAF3A80-816E-42AD-98BB-40776E83E169}.Release|iPhoneSimulator.Deploy.0 = Release|Any CPU
	EndGlobalSection
	GlobalSection(SolutionProperties) = preSolution
		HideSolutionNode = FALSE
	EndGlobalSection
	GlobalSection(ExtensibilityGlobals) = postSolution
		SolutionGuid = {AB4B1CE0-6598-4B3A-B2CB-CD9A1DFE3EE3}
	EndGlobalSection
EndGlobal
